
Microsoft Visual Studio Solution File, Format Version 12.00
# Visual Studio 14
VisualStudioVersion = 14.0.23107.0
MinimumVisualStudioVersion = 10.0.40219.1
Project("{FAE04EC0-301F-11D3-BF4B-00C04F79EFBC}") = "CronEspresso", "CronEspresso\CronEspresso.csproj", "{5A355E64-FC17-4585-B9B4-67A0EF11779D}"
EndProject
Project("{FAE04EC0-301F-11D3-BF4B-00C04F79EFBC}") = "CronEspresso.Test", "CronEspresso.Test\CronEspresso.Test.csproj", "{AC5F3593-6FEB-4EBD-9379-D2E9982AE836}"
EndProject
Project("{FAE04EC0-301F-11D3-BF4B-00C04F79EFBC}") = "CronEspresso.Example", "CronEspresso.Example\CronEspresso.Example.csproj", "{E6FC5A13-ED3B-41A9-B8D3-54ED429FD83E}"
EndProject
Global
	GlobalSection(SolutionConfigurationPlatforms) = preSolution
		Debug|Any CPU = Debug|Any CPU
		Release|Any CPU = Release|Any CPU
	EndGlobalSection
	GlobalSection(ProjectConfigurationPlatforms) = postSolution
		{5A355E64-FC17-4585-B9B4-67A0EF11779D}.Debug|Any CPU.ActiveCfg = Debug|Any CPU
		{5A355E64-FC17-4585-B9B4-67A0EF11779D}.Debug|Any CPU.Build.0 = Debug|Any CPU
		{5A355E64-FC17-4585-B9B4-67A0EF11779D}.Release|Any CPU.ActiveCfg = Release|Any CPU
		{5A355E64-FC17-4585-B9B4-67A0EF11779D}.Release|Any CPU.Build.0 = Release|Any CPU
		{AC5F3593-6FEB-4EBD-9379-D2E9982AE836}.Debug|Any CPU.ActiveCfg = Debug|Any CPU
		{AC5F3593-6FEB-4EBD-9379-D2E9982AE836}.Debug|Any CPU.Build.0 = Debug|Any CPU
		{AC5F3593-6FEB-4EBD-9379-D2E9982AE836}.Release|Any CPU.ActiveCfg = Release|Any CPU
		{AC5F3593-6FEB-4EBD-9379-D2E9982AE836}.Release|Any CPU.Build.0 = Release|Any CPU
		{E6FC5A13-ED3B-41A9-B8D3-54ED429FD83E}.Debug|Any CPU.ActiveCfg = Debug|Any CPU
		{E6FC5A13-ED3B-41A9-B8D3-54ED429FD83E}.Debug|Any CPU.Build.0 = Debug|Any CPU
		{E6FC5A13-ED3B-41A9-B8D3-54ED429FD83E}.Release|Any CPU.ActiveCfg = Release|Any CPU
		{E6FC5A13-ED3B-41A9-B8D3-54ED429FD83E}.Release|Any CPU.Build.0 = Release|Any CPU
	EndGlobalSection
	GlobalSection(SolutionProperties) = preSolution
		HideSolutionNode = FALSE
	EndGlobalSection
EndGlobal
